
Microsoft Visual Studio Solution File, Format Version 12.00
# Visual Studio 15
VisualStudioVersion = 15.0.28307.329
MinimumVisualStudioVersion = 10.0.40219.1
Project("{FAE04EC0-301F-11D3-BF4B-00C04F79EFBC}") = "DesignPatternsTest", "DesignPatternsTest\DesignPatternsTest.csproj", "{30EDB712-2DF1-431F-B9C4-28B3F1BE4361}"
EndProject
Global
	GlobalSection(SolutionConfigurationPlatforms) = preSolution
		Debug|Any CPU = Debug|Any CPU
		Release|Any CPU = Release|Any CPU
	EndGlobalSection
	GlobalSection(ProjectConfigurationPlatforms) = postSolution
		{30EDB712-2DF1-431F-B9C4-28B3F1BE4361}.Debug|Any CPU.ActiveCfg = Debug|Any CPU
		{30EDB712-2DF1-431F-B9C4-28B3F1BE4361}.Debug|Any CPU.Build.0 = Debug|Any CPU
		{30EDB712-2DF1-431F-B9C4-28B3F1BE4361}.Release|Any CPU.ActiveCfg = Release|Any CPU
		{30EDB712-2DF1-431F-B9C4-28B3F1BE4361}.Release|Any CPU.Build.0 = Release|Any CPU
	EndGlobalSection
	GlobalSection(SolutionProperties) = preSolution
		HideSolutionNode = FALSE
	EndGlobalSection
	GlobalSection(ExtensibilityGlobals) = postSolution
		SolutionGuid = {93DE6873-181C-45CE-887E-699F36EF7DA8}
	EndGlobalSection
EndGlobal
